
Microsoft Visual Studio Solution File, Format Version 12.00
# Visual Studio Version 17
VisualStudioVersion = 17.8.34511.84
MinimumVisualStudioVersion = 10.0.40219.1
Project("{FAE04EC0-301F-11D3-BF4B-00C04F79EFBC}") = "IBM13FebCoreIntro", "IBM13FebCoreIntro\IBM13FebCoreIntro.csproj", "{2896595D-7460-4E2D-82C4-E841231C2227}"
EndProject
Global
	GlobalSection(SolutionConfigurationPlatforms) = preSolution
		Debug|Any CPU = Debug|Any CPU
		Release|Any CPU = Release|Any CPU
	EndGlobalSection
	GlobalSection(ProjectConfigurationPlatforms) = postSolution
		{2896595D-7460-4E2D-82C4-E841231C2227}.Debug|Any CPU.ActiveCfg = Debug|Any CPU
		{2896595D-7460-4E2D-82C4-E841231C2227}.Debug|Any CPU.Build.0 = Debug|Any CPU
		{2896595D-7460-4E2D-82C4-E841231C2227}.Release|Any CPU.ActiveCfg = Release|Any CPU
		{2896595D-7460-4E2D-82C4-E841231C2227}.Release|Any CPU.Build.0 = Release|Any CPU
	EndGlobalSection
	GlobalSection(SolutionProperties) = preSolution
		HideSolutionNode = FALSE
	EndGlobalSection
	GlobalSection(ExtensibilityGlobals) = postSolution
		SolutionGuid = {167F9B28-1B4C-4161-8569-B2604EC3FC0F}
	EndGlobalSection
EndGlobal
